
Microsoft Visual Studio Solution File, Format Version 12.00
Project("{2150E333-8FDC-42A3-9474-1A3956D46DE8}") = "src", "src", "{D677BCE1-40A4-419E-8A8D-E67EA6D012D0}"
EndProject
Project("{2150E333-8FDC-42A3-9474-1A3956D46DE8}") = "tests", "tests", "{D1078858-2D06-4368-89A3-CE06A241144F}"
EndProject
Project("{2150E333-8FDC-42A3-9474-1A3956D46DE8}") = "import", "import", "{C8324AF7-973E-44F5-BAE4-9F0AAB2C3A04}"
EndProject
Project("{2150E333-8FDC-42A3-9474-1A3956D46DE8}") = "accounting", "accounting", "{A9445B54-5DC0-4761-A659-EC798758425C}"
EndProject
Project("{2150E333-8FDC-42A3-9474-1A3956D46DE8}") = "mybill", "mybill", "{06D3EA90-B208-435F-99C6-0197B4359227}"
EndProject
Project("{FAE04EC0-301F-11D3-BF4B-00C04F79EFBC}") = "LiveImport.Import.Domain", "src\import\LiveImport.Import.Domain\LiveImport.Import.Domain.csproj", "{A70026DF-118B-4E47-B921-7D2C521308B8}"
EndProject
Project("{FAE04EC0-301F-11D3-BF4B-00C04F79EFBC}") = "LiveImport.Accounting.Domain", "src\accounting\LiveImport.Accounting.Domain\LiveImport.Accounting.Domain.csproj", "{00041AE1-E47F-4FE5-BC4F-7DF17FC094E5}"
EndProject
Project("{FAE04EC0-301F-11D3-BF4B-00C04F79EFBC}") = "LiveImport.MyBill.Domain", "src\mybill\LiveImport.MyBill.Domain\LiveImport.MyBill.Domain.csproj", "{B61A8844-648A-409F-8F36-FAC07C77F112}"
EndProject
Project("{FAE04EC0-301F-11D3-BF4B-00C04F79EFBC}") = "LiveImport.Import.Application", "src\import\LiveImport.Import.Application\LiveImport.Import.Application.csproj", "{75A9E50A-8710-4DF4-A853-C9446BDE299E}"
EndProject
Project("{FAE04EC0-301F-11D3-BF4B-00C04F79EFBC}") = "LiveImport.Import.Infrastructure", "src\import\LiveImport.Import.Infrastructure\LiveImport.Import.Infrastructure.csproj", "{D57CCDDD-DE5E-4262-93FE-4A7367F6FEEF}"
EndProject
Project("{FAE04EC0-301F-11D3-BF4B-00C04F79EFBC}") = "LiveImport.Import", "src\import\LiveImport.Import\LiveImport.Import.csproj", "{7F35B4B3-A19C-4C93-9E7C-6A88E40D20E8}"
EndProject
Project("{FAE04EC0-301F-11D3-BF4B-00C04F79EFBC}") = "LiveImport.Accounting", "src\accounting\LiveImport.Accounting\LiveImport.Accounting.csproj", "{7CFE140B-5C2C-4636-A71A-D4261379C2F0}"
EndProject
Project("{FAE04EC0-301F-11D3-BF4B-00C04F79EFBC}") = "LiveImport.MyBill", "src\mybill\LiveImport.MyBill\LiveImport.MyBill.csproj", "{FAA0A3DD-D9A4-4E8C-96FB-B407238B10A5}"
EndProject
Project("{FAE04EC0-301F-11D3-BF4B-00C04F79EFBC}") = "LiveImport.Accounting.Infrastructure", "src\accounting\LiveImport.Accounting.Infrastructure\LiveImport.Accounting.Infrastructure.csproj", "{A9705A03-1E8E-4F69-B8A1-68953CF7C84B}"
EndProject
Project("{FAE04EC0-301F-11D3-BF4B-00C04F79EFBC}") = "LiveImport.Accounting.Application", "src\accounting\LiveImport.Accounting.Application\LiveImport.Accounting.Application.csproj", "{E44CA1EC-DBF8-4227-B387-EA221C86E8C6}"
EndProject
Project("{FAE04EC0-301F-11D3-BF4B-00C04F79EFBC}") = "LiveImport.MyBill.Application", "src\mybill\LiveImport.MyBill.Application\LiveImport.MyBill.Application.csproj", "{33388714-8759-46D6-8557-EB3EDD848955}"
EndProject
Project("{FAE04EC0-301F-11D3-BF4B-00C04F79EFBC}") = "LiveImport.MyBill.Infrastructure", "src\mybill\LiveImport.MyBill.Infrastructure\LiveImport.MyBill.Infrastructure.csproj", "{A493B92E-FC3C-41DC-A816-D15A9FDDD2E5}"
EndProject
Project("{FAE04EC0-301F-11D3-BF4B-00C04F79EFBC}") = "LiveImport.Import.Application.Tests", "tests\LiveImport.Import.Application.Tests\LiveImport.Import.Application.Tests.csproj", "{20225837-19C0-4A45-A0C9-935B2FA963AF}"
EndProject
Project("{FAE04EC0-301F-11D3-BF4B-00C04F79EFBC}") = "LiveImport.Import.Infrastructure.Tests", "tests\LiveImport.Import.Infrastructure.Tests\LiveImport.Import.Infrastructure.Tests.csproj", "{3B50D261-2B4E-4504-AC70-E8B6F5396570}"
EndProject
Project("{FAE04EC0-301F-11D3-BF4B-00C04F79EFBC}") = "LiveImport.Accounting.Application.Tests", "tests\LiveImport.Accounting.Application.Tests\LiveImport.Accounting.Application.Tests.csproj", "{B30C973B-B529-4178-89EF-6A2D3BF6510F}"
EndProject
Project("{FAE04EC0-301F-11D3-BF4B-00C04F79EFBC}") = "LiveImport.Accounting.Infrastructure.Tests", "tests\LiveImport.Accounting.Infrastructure.Tests\LiveImport.Accounting.Infrastructure.Tests.csproj", "{AEADB07E-F1EC-4F03-8579-DBAE344BF543}"
EndProject
Project("{FAE04EC0-301F-11D3-BF4B-00C04F79EFBC}") = "LiveImport.MyBill.Application.Tests", "tests\LiveImport.MyBill.Application.Tests\LiveImport.MyBill.Application.Tests.csproj", "{4E7956BE-5505-48BC-8BEA-644E85EB4E9A}"
EndProject
Project("{FAE04EC0-301F-11D3-BF4B-00C04F79EFBC}") = "LiveImport.MyBill.Infrastructure.Tests", "tests\LiveImport.MyBill.Infrastructure.Tests\LiveImport.MyBill.Infrastructure.Tests.csproj", "{6D0467D7-4357-4278-BD68-F5B5793622D2}"
EndProject
Project("{2150E333-8FDC-42A3-9474-1A3956D46DE8}") = "contracts", "contracts", "{B71F0385-C8DE-4909-9479-D3D8496D5C8D}"
EndProject
Project("{FAE04EC0-301F-11D3-BF4B-00C04F79EFBC}") = "LiveImport.Contracts", "src\contracts\LiveImport.Contracts\LiveImport.Contracts.csproj", "{F81FC4C8-DF98-4BFB-A87E-73EC940CE9F0}"
EndProject
Project("{2150E333-8FDC-42A3-9474-1A3956D46DE8}") = "import", "import", "{6466B58F-5E96-48B0-81BF-7A2ABCB39104}"
EndProject
Project("{2150E333-8FDC-42A3-9474-1A3956D46DE8}") = "accounting", "accounting", "{16B710B2-E77B-4305-83B1-563AA8A24C4E}"
EndProject
Project("{2150E333-8FDC-42A3-9474-1A3956D46DE8}") = "mybill", "mybill", "{3EFFE500-D745-4875-99D8-D0CF99756D27}"
EndProject
Global
	GlobalSection(SolutionConfigurationPlatforms) = preSolution
		Debug|Any CPU = Debug|Any CPU
		Release|Any CPU = Release|Any CPU
	EndGlobalSection
	GlobalSection(ProjectConfigurationPlatforms) = postSolution
		{A70026DF-118B-4E47-B921-7D2C521308B8}.Debug|Any CPU.ActiveCfg = Debug|Any CPU
		{A70026DF-118B-4E47-B921-7D2C521308B8}.Debug|Any CPU.Build.0 = Debug|Any CPU
		{A70026DF-118B-4E47-B921-7D2C521308B8}.Release|Any CPU.ActiveCfg = Release|Any CPU
		{A70026DF-118B-4E47-B921-7D2C521308B8}.Release|Any CPU.Build.0 = Release|Any CPU
		{00041AE1-E47F-4FE5-BC4F-7DF17FC094E5}.Debug|Any CPU.ActiveCfg = Debug|Any CPU
		{00041AE1-E47F-4FE5-BC4F-7DF17FC094E5}.Debug|Any CPU.Build.0 = Debug|Any CPU
		{00041AE1-E47F-4FE5-BC4F-7DF17FC094E5}.Release|Any CPU.ActiveCfg = Release|Any CPU
		{00041AE1-E47F-4FE5-BC4F-7DF17FC094E5}.Release|Any CPU.Build.0 = Release|Any CPU
		{B61A8844-648A-409F-8F36-FAC07C77F112}.Debug|Any CPU.ActiveCfg = Debug|Any CPU
		{B61A8844-648A-409F-8F36-FAC07C77F112}.Debug|Any CPU.Build.0 = Debug|Any CPU
		{B61A8844-648A-409F-8F36-FAC07C77F112}.Release|Any CPU.ActiveCfg = Release|Any CPU
		{B61A8844-648A-409F-8F36-FAC07C77F112}.Release|Any CPU.Build.0 = Release|Any CPU
		{75A9E50A-8710-4DF4-A853-C9446BDE299E}.Debug|Any CPU.ActiveCfg = Debug|Any CPU
		{75A9E50A-8710-4DF4-A853-C9446BDE299E}.Debug|Any CPU.Build.0 = Debug|Any CPU
		{75A9E50A-8710-4DF4-A853-C9446BDE299E}.Release|Any CPU.ActiveCfg = Release|Any CPU
		{75A9E50A-8710-4DF4-A853-C9446BDE299E}.Release|Any CPU.Build.0 = Release|Any CPU
		{D57CCDDD-DE5E-4262-93FE-4A7367F6FEEF}.Debug|Any CPU.ActiveCfg = Debug|Any CPU
		{D57CCDDD-DE5E-4262-93FE-4A7367F6FEEF}.Debug|Any CPU.Build.0 = Debug|Any CPU
		{D57CCDDD-DE5E-4262-93FE-4A7367F6FEEF}.Release|Any CPU.ActiveCfg = Release|Any CPU
		{D57CCDDD-DE5E-4262-93FE-4A7367F6FEEF}.Release|Any CPU.Build.0 = Release|Any CPU
		{7F35B4B3-A19C-4C93-9E7C-6A88E40D20E8}.Debug|Any CPU.ActiveCfg = Debug|Any CPU
		{7F35B4B3-A19C-4C93-9E7C-6A88E40D20E8}.Debug|Any CPU.Build.0 = Debug|Any CPU
		{7F35B4B3-A19C-4C93-9E7C-6A88E40D20E8}.Release|Any CPU.ActiveCfg = Release|Any CPU
		{7F35B4B3-A19C-4C93-9E7C-6A88E40D20E8}.Release|Any CPU.Build.0 = Release|Any CPU
		{7CFE140B-5C2C-4636-A71A-D4261379C2F0}.Debug|Any CPU.ActiveCfg = Debug|Any CPU
		{7CFE140B-5C2C-4636-A71A-D4261379C2F0}.Debug|Any CPU.Build.0 = Debug|Any CPU
		{7CFE140B-5C2C-4636-A71A-D4261379C2F0}.Release|Any CPU.ActiveCfg = Release|Any CPU
		{7CFE140B-5C2C-4636-A71A-D4261379C2F0}.Release|Any CPU.Build.0 = Release|Any CPU
		{FAA0A3DD-D9A4-4E8C-96FB-B407238B10A5}.Debug|Any CPU.ActiveCfg = Debug|Any CPU
		{FAA0A3DD-D9A4-4E8C-96FB-B407238B10A5}.Debug|Any CPU.Build.0 = Debug|Any CPU
		{FAA0A3DD-D9A4-4E8C-96FB-B407238B10A5}.Release|Any CPU.ActiveCfg = Release|Any CPU
		{FAA0A3DD-D9A4-4E8C-96FB-B407238B10A5}.Release|Any CPU.Build.0 = Release|Any CPU
		{A9705A03-1E8E-4F69-B8A1-68953CF7C84B}.Debug|Any CPU.ActiveCfg = Debug|Any CPU
		{A9705A03-1E8E-4F69-B8A1-68953CF7C84B}.Debug|Any CPU.Build.0 = Debug|Any CPU
		{A9705A03-1E8E-4F69-B8A1-68953CF7C84B}.Release|Any CPU.ActiveCfg = Release|Any CPU
		{A9705A03-1E8E-4F69-B8A1-68953CF7C84B}.Release|Any CPU.Build.0 = Release|Any CPU
		{E44CA1EC-DBF8-4227-B387-EA221C86E8C6}.Debug|Any CPU.ActiveCfg = Debug|Any CPU
		{E44CA1EC-DBF8-4227-B387-EA221C86E8C6}.Debug|Any CPU.Build.0 = Debug|Any CPU
		{E44CA1EC-DBF8-4227-B387-EA221C86E8C6}.Release|Any CPU.ActiveCfg = Release|Any CPU
		{E44CA1EC-DBF8-4227-B387-EA221C86E8C6}.Release|Any CPU.Build.0 = Release|Any CPU
		{33388714-8759-46D6-8557-EB3EDD848955}.Debug|Any CPU.ActiveCfg = Debug|Any CPU
		{33388714-8759-46D6-8557-EB3EDD848955}.Debug|Any CPU.Build.0 = Debug|Any CPU
		{33388714-8759-46D6-8557-EB3EDD848955}.Release|Any CPU.ActiveCfg = Release|Any CPU
		{33388714-8759-46D6-8557-EB3EDD848955}.Release|Any CPU.Build.0 = Release|Any CPU
		{A493B92E-FC3C-41DC-A816-D15A9FDDD2E5}.Debug|Any CPU.ActiveCfg = Debug|Any CPU
		{A493B92E-FC3C-41DC-A816-D15A9FDDD2E5}.Debug|Any CPU.Build.0 = Debug|Any CPU
		{A493B92E-FC3C-41DC-A816-D15A9FDDD2E5}.Release|Any CPU.ActiveCfg = Release|Any CPU
		{A493B92E-FC3C-41DC-A816-D15A9FDDD2E5}.Release|Any CPU.Build.0 = Release|Any CPU
		{20225837-19C0-4A45-A0C9-935B2FA963AF}.Debug|Any CPU.ActiveCfg = Debug|Any CPU
		{20225837-19C0-4A45-A0C9-935B2FA963AF}.Debug|Any CPU.Build.0 = Debug|Any CPU
		{20225837-19C0-4A45-A0C9-935B2FA963AF}.Release|Any CPU.ActiveCfg = Release|Any CPU
		{20225837-19C0-4A45-A0C9-935B2FA963AF}.Release|Any CPU.Build.0 = Release|Any CPU
		{3B50D261-2B4E-4504-AC70-E8B6F5396570}.Debug|Any CPU.ActiveCfg = Debug|Any CPU
		{3B50D261-2B4E-4504-AC70-E8B6F5396570}.Debug|Any CPU.Build.0 = Debug|Any CPU
		{3B50D261-2B4E-4504-AC70-E8B6F5396570}.Release|Any CPU.ActiveCfg = Release|Any CPU
		{3B50D261-2B4E-4504-AC70-E8B6F5396570}.Release|Any CPU.Build.0 = Release|Any CPU
		{B30C973B-B529-4178-89EF-6A2D3BF6510F}.Debug|Any CPU.ActiveCfg = Debug|Any CPU
		{B30C973B-B529-4178-89EF-6A2D3BF6510F}.Debug|Any CPU.Build.0 = Debug|Any CPU
		{B30C973B-B529-4178-89EF-6A2D3BF6510F}.Release|Any CPU.ActiveCfg = Release|Any CPU
		{B30C973B-B529-4178-89EF-6A2D3BF6510F}.Release|Any CPU.Build.0 = Release|Any CPU
		{AEADB07E-F1EC-4F03-8579-DBAE344BF543}.Debug|Any CPU.ActiveCfg = Debug|Any CPU
		{AEADB07E-F1EC-4F03-8579-DBAE344BF543}.Debug|Any CPU.Build.0 = Debug|Any CPU
		{AEADB07E-F1EC-4F03-8579-DBAE344BF543}.Release|Any CPU.ActiveCfg = Release|Any CPU
		{AEADB07E-F1EC-4F03-8579-DBAE344BF543}.Release|Any CPU.Build.0 = Release|Any CPU
		{4E7956BE-5505-48BC-8BEA-644E85EB4E9A}.Debug|Any CPU.ActiveCfg = Debug|Any CPU
		{4E7956BE-5505-48BC-8BEA-644E85EB4E9A}.Debug|Any CPU.Build.0 = Debug|Any CPU
		{4E7956BE-5505-48BC-8BEA-644E85EB4E9A}.Release|Any CPU.ActiveCfg = Release|Any CPU
		{4E7956BE-5505-48BC-8BEA-644E85EB4E9A}.Release|Any CPU.Build.0 = Release|Any CPU
		{6D0467D7-4357-4278-BD68-F5B5793622D2}.Debug|Any CPU.ActiveCfg = Debug|Any CPU
		{6D0467D7-4357-4278-BD68-F5B5793622D2}.Debug|Any CPU.Build.0 = Debug|Any CPU
		{6D0467D7-4357-4278-BD68-F5B5793622D2}.Release|Any CPU.ActiveCfg = Release|Any CPU
		{6D0467D7-4357-4278-BD68-F5B5793622D2}.Release|Any CPU.Build.0 = Release|Any CPU
		{F81FC4C8-DF98-4BFB-A87E-73EC940CE9F0}.Debug|Any CPU.ActiveCfg = Debug|Any CPU
		{F81FC4C8-DF98-4BFB-A87E-73EC940CE9F0}.Debug|Any CPU.Build.0 = Debug|Any CPU
		{F81FC4C8-DF98-4BFB-A87E-73EC940CE9F0}.Release|Any CPU.ActiveCfg = Release|Any CPU
		{F81FC4C8-DF98-4BFB-A87E-73EC940CE9F0}.Release|Any CPU.Build.0 = Release|Any CPU
	EndGlobalSection
	GlobalSection(NestedProjects) = preSolution
		{C8324AF7-973E-44F5-BAE4-9F0AAB2C3A04} = {D677BCE1-40A4-419E-8A8D-E67EA6D012D0}
		{A9445B54-5DC0-4761-A659-EC798758425C} = {D677BCE1-40A4-419E-8A8D-E67EA6D012D0}
		{06D3EA90-B208-435F-99C6-0197B4359227} = {D677BCE1-40A4-419E-8A8D-E67EA6D012D0}
		{A70026DF-118B-4E47-B921-7D2C521308B8} = {C8324AF7-973E-44F5-BAE4-9F0AAB2C3A04}
		{00041AE1-E47F-4FE5-BC4F-7DF17FC094E5} = {A9445B54-5DC0-4761-A659-EC798758425C}
		{B61A8844-648A-409F-8F36-FAC07C77F112} = {06D3EA90-B208-435F-99C6-0197B4359227}
		{75A9E50A-8710-4DF4-A853-C9446BDE299E} = {C8324AF7-973E-44F5-BAE4-9F0AAB2C3A04}
		{D57CCDDD-DE5E-4262-93FE-4A7367F6FEEF} = {C8324AF7-973E-44F5-BAE4-9F0AAB2C3A04}
		{7F35B4B3-A19C-4C93-9E7C-6A88E40D20E8} = {C8324AF7-973E-44F5-BAE4-9F0AAB2C3A04}
		{7CFE140B-5C2C-4636-A71A-D4261379C2F0} = {A9445B54-5DC0-4761-A659-EC798758425C}
		{FAA0A3DD-D9A4-4E8C-96FB-B407238B10A5} = {06D3EA90-B208-435F-99C6-0197B4359227}
		{A9705A03-1E8E-4F69-B8A1-68953CF7C84B} = {A9445B54-5DC0-4761-A659-EC798758425C}
		{E44CA1EC-DBF8-4227-B387-EA221C86E8C6} = {A9445B54-5DC0-4761-A659-EC798758425C}
		{33388714-8759-46D6-8557-EB3EDD848955} = {06D3EA90-B208-435F-99C6-0197B4359227}
		{A493B92E-FC3C-41DC-A816-D15A9FDDD2E5} = {06D3EA90-B208-435F-99C6-0197B4359227}
		{B71F0385-C8DE-4909-9479-D3D8496D5C8D} = {D677BCE1-40A4-419E-8A8D-E67EA6D012D0}
		{F81FC4C8-DF98-4BFB-A87E-73EC940CE9F0} = {B71F0385-C8DE-4909-9479-D3D8496D5C8D}
		{6466B58F-5E96-48B0-81BF-7A2ABCB39104} = {D1078858-2D06-4368-89A3-CE06A241144F}
		{16B710B2-E77B-4305-83B1-563AA8A24C4E} = {D1078858-2D06-4368-89A3-CE06A241144F}
		{3EFFE500-D745-4875-99D8-D0CF99756D27} = {D1078858-2D06-4368-89A3-CE06A241144F}
		{B30C973B-B529-4178-89EF-6A2D3BF6510F} = {16B710B2-E77B-4305-83B1-563AA8A24C4E}
		{AEADB07E-F1EC-4F03-8579-DBAE344BF543} = {16B710B2-E77B-4305-83B1-563AA8A24C4E}
		{20225837-19C0-4A45-A0C9-935B2FA963AF} = {6466B58F-5E96-48B0-81BF-7A2ABCB39104}
		{3B50D261-2B4E-4504-AC70-E8B6F5396570} = {6466B58F-5E96-48B0-81BF-7A2ABCB39104}
		{4E7956BE-5505-48BC-8BEA-644E85EB4E9A} = {3EFFE500-D745-4875-99D8-D0CF99756D27}
		{6D0467D7-4357-4278-BD68-F5B5793622D2} = {3EFFE500-D745-4875-99D8-D0CF99756D27}
	EndGlobalSection
EndGlobal
